
Microsoft Visual Studio Solution File, Format Version 12.00
# Visual Studio Version 16
VisualStudioVersion = 16.0.29230.47
MinimumVisualStudioVersion = 10.0.40219.1
Project("{8BC9CEB8-8B4A-11D0-8D11-00A0C91BC942}") = "Visualizer", "Navren\Navren.vcxproj", "{5313730C-7682-4FF8-9037-916B20ED6C61}"
EndProject
Project("{8BC9CEB8-8B4A-11D0-8D11-00A0C91BC942}") = "libsoundioTests", "libsoundioTests\libsoundioTests.vcxproj", "{6B827D58-890A-4465-94D6-2BEFF69FFB37}"
EndProject
Global
	GlobalSection(SolutionConfigurationPlatforms) = preSolution
		Debug|x64 = Debug|x64
		Debug|x86 = Debug|x86
		Release|x64 = Release|x64
		Release|x86 = Release|x86
	EndGlobalSection
	GlobalSection(ProjectConfigurationPlatforms) = postSolution
		{5313730C-7682-4FF8-9037-916B20ED6C61}.Debug|x64.ActiveCfg = Debug|x64
		{5313730C-7682-4FF8-9037-916B20ED6C61}.Debug|x64.Build.0 = Debug|x64
		{5313730C-7682-4FF8-9037-916B20ED6C61}.Debug|x86.ActiveCfg = Debug|Win32
		{5313730C-7682-4FF8-9037-916B20ED6C61}.Debug|x86.Build.0 = Debug|Win32
		{5313730C-7682-4FF8-9037-916B20ED6C61}.Release|x64.ActiveCfg = Release|x64
		{5313730C-7682-4FF8-9037-916B20ED6C61}.Release|x64.Build.0 = Release|x64
		{5313730C-7682-4FF8-9037-916B20ED6C61}.Release|x86.ActiveCfg = Release|Win32
		{5313730C-7682-4FF8-9037-916B20ED6C61}.Release|x86.Build.0 = Release|Win32
		{6B827D58-890A-4465-94D6-2BEFF69FFB37}.Debug|x64.ActiveCfg = Debug|x64
		{6B827D58-890A-4465-94D6-2BEFF69FFB37}.Debug|x64.Build.0 = Debug|x64
		{6B827D58-890A-4465-94D6-2BEFF69FFB37}.Debug|x86.ActiveCfg = Debug|Win32
		{6B827D58-890A-4465-94D6-2BEFF69FFB37}.Debug|x86.Build.0 = Debug|Win32
		{6B827D58-890A-4465-94D6-2BEFF69FFB37}.Release|x64.ActiveCfg = Release|x64
		{6B827D58-890A-4465-94D6-2BEFF69FFB37}.Release|x64.Build.0 = Release|x64
		{6B827D58-890A-4465-94D6-2BEFF69FFB37}.Release|x86.ActiveCfg = Release|Win32
		{6B827D58-890A-4465-94D6-2BEFF69FFB37}.Release|x86.Build.0 = Release|Win32
	EndGlobalSection
	GlobalSection(SolutionProperties) = preSolution
		HideSolutionNode = FALSE
	EndGlobalSection
	GlobalSection(ExtensibilityGlobals) = postSolution
		SolutionGuid = {46B8FACD-20E4-4275-8A55-3D7C668ED28E}
	EndGlobalSection
EndGlobal
